// !$*UTF8*$!
{
	archiveVersion = 1;
	classes = {
	};
	objectVersion = 46;
	objects = {

/* Begin PBXBuildFile section */
		6A5C48381484367500F602BA /* Cocoa.framework in Frameworks */ = {isa = PBXBuildFile; fileRef = 6A5C48371484367500F602BA /* Cocoa.framework */; };
		6A5C48421484367500F602BA /* InfoPlist.strings in Resources */ = {isa = PBXBuildFile; fileRef = 6A5C48401484367500F602BA /* InfoPlist.strings */; };
		6A5C48441484367500F602BA /* main.m in Sources */ = {isa = PBXBuildFile; fileRef = 6A5C48431484367500F602BA /* main.m */; };
		6A5C48481484367500F602BA /* Credits.rtf in Resources */ = {isa = PBXBuildFile; fileRef = 6A5C48461484367500F602BA /* Credits.rtf */; };
		6A5C484B1484367500F602BA /* AppDelegate.m in Sources */ = {isa = PBXBuildFile; fileRef = 6A5C484A1484367500F602BA /* AppDelegate.m */; };
		6A5C484E1484367500F602BA /* MainMenu.xib in Resources */ = {isa = PBXBuildFile; fileRef = 6A5C484C1484367500F602BA /* MainMenu.xib */; };
/* End PBXBuildFile section */

/* Begin PBXFileReference section */
		6A5C48331484367500F602BA /* JustYIQ.app */ = {isa = PBXFileReference; explicitFileType = wrapper.application; includeInIndex = 0; path = JustYIQ.app; sourceTree = BUILT_PRODUCTS_DIR; };
		6A5C48371484367500F602BA /* Cocoa.framework */ = {isa = PBXFileReference; lastKnownFileType = wrapper.framework; name = Cocoa.framework; path = System/Library/Frameworks/Cocoa.framework; sourceTree = SDKROOT; };
		6A5C483A1484367500F602BA /* AppKit.framework */ = {isa = PBXFileReference; lastKnownFileType = wrapper.framework; name = AppKit.framework; path = System/Library/Frameworks/AppKit.framework; sourceTree = SDKROOT; };
		6A5C483B1484367500F602BA /* CoreData.framework */ = {isa = PBXFileReference; lastKnownFileType = wrapper.framework; name = CoreData.framework; path = System/Library/Frameworks/CoreData.framework; sourceTree = SDKROOT; };
		6A5C483C1484367500F602BA /* Foundation.framework */ = {isa = PBXFileReference; lastKnownFileType = wrapper.framework; name = Foundation.framework; path = System/Library/Frameworks/Foundation.framework; sourceTree = SDKROOT; };
		6A5C483F1484367500F602BA /* JustYIQ-Info.plist */ = {isa = PBXFileReference; path = "JustYIQ-Info.plist"; sourceTree = "<group>"; };
		6A5C48411484367500F602BA /* en */ = {isa = PBXFileReference; lastKnownFileType = text.plist.strings; name = en; path = en.lproj/InfoPlist.strings; sourceTree = "<group>"; };
		6A5C48431484367500F602BA /* main.m */ = {isa = PBXFileReference; lastKnownFileType = sourcecode.c.objc; path = main.m; sourceTree = "<group>"; };
		6A5C48451484367500F602BA /* JustYIQ-Prefix.pch */ = {isa = PBXFileReference; path = "JustYIQ-Prefix.pch"; sourceTree = "<group>"; };
		6A5C48471484367500F602BA /* en */ = {isa = PBXFileReference; lastKnownFileType = text.rtf; name = en; path = en.lproj/Credits.rtf; sourceTree = "<group>"; };
		6A5C48491484367500F602BA /* AppDelegate.h */ = {isa = PBXFileReference; path = AppDelegate.h; sourceTree = "<group>"; };
		6A5C484A1484367500F602BA /* AppDelegate.m */ = {isa = PBXFileReference; lastKnownFileType = sourcecode.c.objc; path = AppDelegate.m; sourceTree = "<group>"; };
		6A5C484D1484367500F602BA /* en */ = {isa = PBXFileReference; lastKnownFileType = file.xib; name = en; path = en.lproj/MainMenu.xib; sourceTree = "<group>"; };
/* End PBXFileReference section */

/* Begin PBXFrameworksBuildPhase section */
		6A5C48301484367500F602BA /* Frameworks */ = {
			isa = PBXFrameworksBuildPhase;
			buildActionMask = 2147483647;
			files = (
				6A5C48381484367500F602BA /* Cocoa.framework in Frameworks */,
			);
			runOnlyForDeploymentPostprocessing = 0;
		};
/* End PBXFrameworksBuildPhase section */

/* Begin PBXGroup section */
		6A5C48281484367400F602BA = {
			isa = PBXGroup;
			children = (
				6A5C483D1484367500F602BA /* JustYIQ */,
				6A5C48361484367500F602BA /* Frameworks */,
				6A5C48341484367500F602BA /* Products */,
			);
			sourceTree = "<group>";
		};
		6A5C48341484367500F602BA /* Products */ = {
			isa = PBXGroup;
			children = (
				6A5C48331484367500F602BA /* JustYIQ.app */,
			);
			name = Products;
			sourceTree = "<group>";
		};
		6A5C48361484367500F602BA /* Frameworks */ = {
			isa = PBXGroup;
			children = (
				6A5C48371484367500F602BA /* Cocoa.framework */,
				6A5C48391484367500F602BA /* Other Frameworks */,
			);
			name = Frameworks;
			sourceTree = "<group>";
		};
		6A5C48391484367500F602BA /* Other Frameworks */ = {
			isa = PBXGroup;
			children = (
				6A5C483A1484367500F602BA /* AppKit.framework */,
				6A5C483B1484367500F602BA /* CoreData.framework */,
				6A5C483C1484367500F602BA /* Foundation.framework */,
			);
			name = "Other Frameworks";
			sourceTree = "<group>";
		};
		6A5C483D1484367500F602BA /* JustYIQ */ = {
			isa = PBXGroup;
			children = (
				6A5C48491484367500F602BA /* AppDelegate.h */,
				6A5C484A1484367500F602BA /* AppDelegate.m */,
				6A5C484C1484367500F602BA /* MainMenu.xib */,
				6A5C483E1484367500F602BA /* Supporting Files */,
			);
			path = JustYIQ;
			sourceTree = "<group>";
		};
		6A5C483E1484367500F602BA /* Supporting Files */ = {
			isa = PBXGroup;
			children = (
				6A5C483F1484367500F602BA /* JustYIQ-Info.plist */,
				6A5C48401484367500F602BA /* InfoPlist.strings */,
				6A5C48431484367500F602BA /* main.m */,
				6A5C48451484367500F602BA /* JustYIQ-Prefix.pch */,
				6A5C48461484367500F602BA /* Credits.rtf */,
			);
			name = "Supporting Files";
			sourceTree = "<group>";
		};
/* End PBXGroup section */

/* Begin PBXNativeTarget section */
		6A5C48321484367500F602BA /* JustYIQ */ = {
			isa = PBXNativeTarget;
			buildConfigurationList = 6A5C48511484367500F602BA /* Build configuration list for PBXNativeTarget "JustYIQ" */;
			buildPhases = (
				6A5C482F1484367500F602BA /* Sources */,
				6A5C48301484367500F602BA /* Frameworks */,
				6A5C48311484367500F602BA /* Resources */,
			);
			buildRules = (
			);
			dependencies = (
			);
			name = JustYIQ;
			productName = JustYIQ;
			productReference = 6A5C48331484367500F602BA /* JustYIQ.app */;
			productType = "com.apple.product-type.application";
		};
/* End PBXNativeTarget section */

/* Begin PBXProject section */
		6A5C482A1484367400F602BA /* Project object */ = {
			isa = PBXProject;
			attributes = {
				LastUpgradeCheck = 0420;
				ORGANIZATIONNAME = Simpletail;
			};
			buildConfigurationList = 6A5C482D1484367400F602BA /* Build configuration list for PBXProject "JustYIQ" */;
			compatibilityVersion = "Xcode 3.2";
			developmentRegion = English;
			hasScannedForEncodings = 0;
			knownRegions = (
				en,
			);
			mainGroup = 6A5C48281484367400F602BA;
			productRefGroup = 6A5C48341484367500F602BA /* Products */;
			projectDirPath = "";
			projectRoot = "";
			targets = (
				6A5C48321484367500F602BA /* JustYIQ */,
			);
		};
/* End PBXProject section */

/* Begin PBXResourcesBuildPhase section */
		6A5C48311484367500F602BA /* Resources */ = {
			isa = PBXResourcesBuildPhase;
			buildActionMask = 2147483647;
			files = (
				6A5C48421484367500F602BA /* InfoPlist.strings in Resources */,
				6A5C48481484367500F602BA /* Credits.rtf in Resources */,
				6A5C484E1484367500F602BA /* MainMenu.xib in Resources */,
			);
			runOnlyForDeploymentPostprocessing = 0;
		};
/* End PBXResourcesBuildPhase section */

/* Begin PBXSourcesBuildPhase section */
		6A5C482F1484367500F602BA /* Sources */ = {
			isa = PBXSourcesBuildPhase;
			buildActionMask = 2147483647;
			files = (
				6A5C48441484367500F602BA /* main.m in Sources */,
				6A5C484B1484367500F602BA /* AppDelegate.m in Sources */,
			);
			runOnlyForDeploymentPostprocessing = 0;
		};
/* End PBXSourcesBuildPhase section */

/* Begin PBXVariantGroup section */
		6A5C48401484367500F602BA /* InfoPlist.strings */ = {
			isa = PBXVariantGroup;
			children = (
				6A5C48411484367500F602BA /* en */,
			);
			name = InfoPlist.strings;
			sourceTree = "<group>";
		};
		6A5C48461484367500F602BA /* Credits.rtf */ = {
			isa = PBXVariantGroup;
			children = (
				6A5C48471484367500F602BA /* en */,
			);
			name = Credits.rtf;
			sourceTree = "<group>";
		};
		6A5C484C1484367500F602BA /* MainMenu.xib */ = {
			isa = PBXVariantGroup;
			children = (
				6A5C484D1484367500F602BA /* en */,
			);
			name = MainMenu.xib;
			sourceTree = "<group>";
		};
/* End PBXVariantGroup section */

/* Begin XCBuildConfiguration section */
		6A5C484F1484367500F602BA /* Debug */ = {
			isa = XCBuildConfiguration;
			buildSettings = {
				ALWAYS_SEARCH_USER_PATHS = NO;
				ARCHS = "$(ARCHS_STANDARD_64_BIT)";
				CLANG_ENABLE_OBJC_ARC = YES;
				COPY_PHASE_STRIP = NO;
				GCC_C_LANGUAGE_STANDARD = gnu99;
				GCC_DYNAMIC_NO_PIC = NO;
				GCC_ENABLE_OBJC_EXCEPTIONS = YES;
				GCC_OPTIMIZATION_LEVEL = 0;
				GCC_PREPROCESSOR_DEFINITIONS = (
					"DEBUG=1",
					"$(inherited)",
				);
				GCC_SYMBOLS_PRIVATE_EXTERN = NO;
				GCC_VERSION = com.apple.compilers.llvm.clang.1_0;
				GCC_WARN_64_TO_32_BIT_CONVERSION = YES;
				GCC_WARN_ABOUT_MISSING_PROTOTYPES = YES;
				GCC_WARN_ABOUT_RETURN_TYPE = YES;
				GCC_WARN_UNUSED_VARIABLE = YES;
				MACOSX_DEPLOYMENT_TARGET = 10.7;
				ONLY_ACTIVE_ARCH = YES;
				SDKROOT = macosx;
			};
			name = Debug;
		};
		6A5C48501484367500F602BA /* Release */ = {
			isa = XCBuildConfiguration;
			buildSettings = {
				ALWAYS_SEARCH_USER_PATHS = NO;
				ARCHS = "$(ARCHS_STANDARD_64_BIT)";
				CLANG_ENABLE_OBJC_ARC = YES;
				COPY_PHASE_STRIP = YES;
				DEBUG_INFORMATION_FORMAT = "dwarf-with-dsym";
				GCC_C_LANGUAGE_STANDARD = gnu99;
				GCC_ENABLE_OBJC_EXCEPTIONS = YES;
				GCC_VERSION = com.apple.compilers.llvm.clang.1_0;
				GCC_WARN_64_TO_32_BIT_CONVERSION = YES;
				GCC_WARN_ABOUT_MISSING_PROTOTYPES = YES;
				GCC_WARN_ABOUT_RETURN_TYPE = YES;
				GCC_WARN_UNUSED_VARIABLE = YES;
				MACOSX_DEPLOYMENT_TARGET = 10.7;
				SDKROOT = macosx;
			};
			name = Release;
		};
		6A5C48521484367500F602BA /* Debug */ = {
			isa = XCBuildConfiguration;
			buildSettings = {
				GCC_PRECOMPILE_PREFIX_HEADER = YES;
				GCC_PREFIX_HEADER = "JustYIQ/JustYIQ-Prefix.pch";
				INFOPLIST_FILE = "JustYIQ/JustYIQ-Info.plist";
				PRODUCT_NAME = "$(TARGET_NAME)";
				WRAPPER_EXTENSION = app;
			};
			name = Debug;
		};
		6A5C48531484367500F602BA /* Release */ = {
			isa = XCBuildConfiguration;
			buildSettings = {
				GCC_PRECOMPILE_PREFIX_HEADER = YES;
				GCC_PREFIX_HEADER = "JustYIQ/JustYIQ-Prefix.pch";
				INFOPLIST_FILE = "JustYIQ/JustYIQ-Info.plist";
				PRODUCT_NAME = "$(TARGET_NAME)";
				WRAPPER_EXTENSION = app;
			};
			name = Release;
		};
/* End XCBuildConfiguration section */

/* Begin XCConfigurationList section */
		6A5C482D1484367400F602BA /* Build configuration list for PBXProject "JustYIQ" */ = {
			isa = XCConfigurationList;
			buildConfigurations = (
				6A5C484F1484367500F602BA /* Debug */,
				6A5C48501484367500F602BA /* Release */,
			);
			defaultConfigurationIsVisible = 0;
			defaultConfigurationName = Release;
		};
		6A5C48511484367500F602BA /* Build configuration list for PBXNativeTarget "JustYIQ" */ = {
			isa = XCConfigurationList;
			buildConfigurations = (
				6A5C48521484367500F602BA /* Debug */,
				6A5C48531484367500F602BA /* Release */,
			);
			defaultConfigurationIsVisible = 0;
		};
/* End XCConfigurationList section */
	};
	rootObject = 6A5C482A1484367400F602BA /* Project object */;
}
